
Microsoft Visual Studio Solution File, Format Version 12.00
# Visual Studio Version 17
VisualStudioVersion = 17.4.33122.133
MinimumVisualStudioVersion = 10.0.40219.1
Project("{9A19103F-16F7-4668-BE54-9A1E7A4F7556}") = "Day01", "Day01\Day01.csproj", "{1953420A-5978-4A2F-B8BE-5AACEBAA1A5A}"
EndProject
Project("{9A19103F-16F7-4668-BE54-9A1E7A4F7556}") = "Day02", "Day02\Day02.csproj", "{DDC5D363-92D0-492A-B6A3-160DE692E56F}"
EndProject
Project("{9A19103F-16F7-4668-BE54-9A1E7A4F7556}") = "Day03", "Day03\Day03.csproj", "{E5F36490-1F9E-40C6-B9BA-4B61574AB8BE}"
EndProject
Project("{9A19103F-16F7-4668-BE54-9A1E7A4F7556}") = "Day04", "Day04\Day04.csproj", "{FD86A0F9-723A-425A-A2A3-EEAC839ED826}"
EndProject
Project("{9A19103F-16F7-4668-BE54-9A1E7A4F7556}") = "Day05", "Day05\Day05.csproj", "{8444CFB1-7946-4289-A4DF-E9D98EA7506C}"
EndProject
Project("{FAE04EC0-301F-11D3-BF4B-00C04F79EFBC}") = "Day06", "Day06\Day06.csproj", "{A67873A4-185A-4325-9FA6-2414593793FF}"
EndProject
Global
	GlobalSection(SolutionConfigurationPlatforms) = preSolution
		Debug|Any CPU = Debug|Any CPU
		Release|Any CPU = Release|Any CPU
	EndGlobalSection
	GlobalSection(ProjectConfigurationPlatforms) = postSolution
		{1953420A-5978-4A2F-B8BE-5AACEBAA1A5A}.Debug|Any CPU.ActiveCfg = Debug|Any CPU
		{1953420A-5978-4A2F-B8BE-5AACEBAA1A5A}.Debug|Any CPU.Build.0 = Debug|Any CPU
		{1953420A-5978-4A2F-B8BE-5AACEBAA1A5A}.Release|Any CPU.ActiveCfg = Release|Any CPU
		{1953420A-5978-4A2F-B8BE-5AACEBAA1A5A}.Release|Any CPU.Build.0 = Release|Any CPU
		{DDC5D363-92D0-492A-B6A3-160DE692E56F}.Debug|Any CPU.ActiveCfg = Debug|Any CPU
		{DDC5D363-92D0-492A-B6A3-160DE692E56F}.Debug|Any CPU.Build.0 = Debug|Any CPU
		{DDC5D363-92D0-492A-B6A3-160DE692E56F}.Release|Any CPU.ActiveCfg = Release|Any CPU
		{DDC5D363-92D0-492A-B6A3-160DE692E56F}.Release|Any CPU.Build.0 = Release|Any CPU
		{E5F36490-1F9E-40C6-B9BA-4B61574AB8BE}.Debug|Any CPU.ActiveCfg = Debug|Any CPU
		{E5F36490-1F9E-40C6-B9BA-4B61574AB8BE}.Debug|Any CPU.Build.0 = Debug|Any CPU
		{E5F36490-1F9E-40C6-B9BA-4B61574AB8BE}.Release|Any CPU.ActiveCfg = Release|Any CPU
		{E5F36490-1F9E-40C6-B9BA-4B61574AB8BE}.Release|Any CPU.Build.0 = Release|Any CPU
		{FD86A0F9-723A-425A-A2A3-EEAC839ED826}.Debug|Any CPU.ActiveCfg = Debug|Any CPU
		{FD86A0F9-723A-425A-A2A3-EEAC839ED826}.Debug|Any CPU.Build.0 = Debug|Any CPU
		{FD86A0F9-723A-425A-A2A3-EEAC839ED826}.Release|Any CPU.ActiveCfg = Release|Any CPU
		{FD86A0F9-723A-425A-A2A3-EEAC839ED826}.Release|Any CPU.Build.0 = Release|Any CPU
		{8444CFB1-7946-4289-A4DF-E9D98EA7506C}.Debug|Any CPU.ActiveCfg = Debug|Any CPU
		{8444CFB1-7946-4289-A4DF-E9D98EA7506C}.Debug|Any CPU.Build.0 = Debug|Any CPU
		{8444CFB1-7946-4289-A4DF-E9D98EA7506C}.Release|Any CPU.ActiveCfg = Release|Any CPU
		{8444CFB1-7946-4289-A4DF-E9D98EA7506C}.Release|Any CPU.Build.0 = Release|Any CPU
		{A67873A4-185A-4325-9FA6-2414593793FF}.Debug|Any CPU.ActiveCfg = Debug|Any CPU
		{A67873A4-185A-4325-9FA6-2414593793FF}.Debug|Any CPU.Build.0 = Debug|Any CPU
		{A67873A4-185A-4325-9FA6-2414593793FF}.Release|Any CPU.ActiveCfg = Release|Any CPU
		{A67873A4-185A-4325-9FA6-2414593793FF}.Release|Any CPU.Build.0 = Release|Any CPU
	EndGlobalSection
	GlobalSection(SolutionProperties) = preSolution
		HideSolutionNode = FALSE
	EndGlobalSection
	GlobalSection(ExtensibilityGlobals) = postSolution
		SolutionGuid = {DFCF58D3-1247-4F0F-BABA-B9ED5282DCCD}
	EndGlobalSection
EndGlobal
