
Microsoft Visual Studio Solution File, Format Version 12.00
# Visual Studio Version 17
VisualStudioVersion = 17.4.33122.133
MinimumVisualStudioVersion = 10.0.40219.1
Project("{FAE04EC0-301F-11D3-BF4B-00C04F79EFBC}") = "adventofcode2022", "adventofcode2022\adventofcode2022.csproj", "{000038CA-FCEF-41B0-ADC2-517A724ED8B4}"
EndProject
Global
	GlobalSection(SolutionConfigurationPlatforms) = preSolution
		Debug|Any CPU = Debug|Any CPU
		Release|Any CPU = Release|Any CPU
	EndGlobalSection
	GlobalSection(ProjectConfigurationPlatforms) = postSolution
		{000038CA-FCEF-41B0-ADC2-517A724ED8B4}.Debug|Any CPU.ActiveCfg = Debug|Any CPU
		{000038CA-FCEF-41B0-ADC2-517A724ED8B4}.Debug|Any CPU.Build.0 = Debug|Any CPU
		{000038CA-FCEF-41B0-ADC2-517A724ED8B4}.Release|Any CPU.ActiveCfg = Release|Any CPU
		{000038CA-FCEF-41B0-ADC2-517A724ED8B4}.Release|Any CPU.Build.0 = Release|Any CPU
	EndGlobalSection
	GlobalSection(SolutionProperties) = preSolution
		HideSolutionNode = FALSE
	EndGlobalSection
	GlobalSection(ExtensibilityGlobals) = postSolution
		SolutionGuid = {DFCF58D3-1247-4F0F-BABA-B9ED5282DCCD}
	EndGlobalSection
EndGlobal
