
Microsoft Visual Studio Solution File, Format Version 12.00
# Visual Studio Version 17
VisualStudioVersion = 17.4.33122.133
MinimumVisualStudioVersion = 10.0.40219.1
Project("{9A19103F-16F7-4668-BE54-9A1E7A4F7556}") = "Day01", "Day01\Day01.csproj", "{1953420A-5978-4A2F-B8BE-5AACEBAA1A5A}"
EndProject
Project("{9A19103F-16F7-4668-BE54-9A1E7A4F7556}") = "Day02", "Day02\Day02.csproj", "{DDC5D363-92D0-492A-B6A3-160DE692E56F}"
EndProject
Project("{9A19103F-16F7-4668-BE54-9A1E7A4F7556}") = "Day03", "Day03\Day03.csproj", "{E5F36490-1F9E-40C6-B9BA-4B61574AB8BE}"
EndProject
Project("{9A19103F-16F7-4668-BE54-9A1E7A4F7556}") = "Day04", "Day04\Day04.csproj", "{FD86A0F9-723A-425A-A2A3-EEAC839ED826}"
EndProject
Project("{9A19103F-16F7-4668-BE54-9A1E7A4F7556}") = "Day05", "Day05\Day05.csproj", "{8444CFB1-7946-4289-A4DF-E9D98EA7506C}"
EndProject
Project("{9A19103F-16F7-4668-BE54-9A1E7A4F7556}") = "Day06", "Day06\Day06.csproj", "{A67873A4-185A-4325-9FA6-2414593793FF}"
EndProject
Project("{9A19103F-16F7-4668-BE54-9A1E7A4F7556}") = "Day07", "Day07\Day07.csproj", "{D51FF908-2CCD-4A8F-A740-5C7C01849C46}"
EndProject
Project("{9A19103F-16F7-4668-BE54-9A1E7A4F7556}") = "Day08", "Day08\Day08.csproj", "{60943D36-AF67-4564-9A10-4D30E2A6B6A0}"
EndProject
Project("{9A19103F-16F7-4668-BE54-9A1E7A4F7556}") = "Day09", "Day09\Day09.csproj", "{C5E06800-0E3F-456F-AB9B-8AD28250B5CB}"
EndProject
Project("{9A19103F-16F7-4668-BE54-9A1E7A4F7556}") = "Day10", "Day10\Day10.csproj", "{71DB9AC1-B20F-49B6-86CE-2A7594B1AEBC}"
EndProject
Project("{9A19103F-16F7-4668-BE54-9A1E7A4F7556}") = "Day11", "Day11\Day11.csproj", "{4628D948-CDBF-4025-8C04-704C42F34555}"
EndProject
Project("{9A19103F-16F7-4668-BE54-9A1E7A4F7556}") = "Day12", "Day12\Day12.csproj", "{F8F4885E-C907-42CD-B567-5D559757E9B9}"
EndProject
Project("{9A19103F-16F7-4668-BE54-9A1E7A4F7556}") = "Day13", "Day13\Day13.csproj", "{6CDCC756-93A6-4BD1-8F4C-91A8A568448E}"
EndProject
Project("{9A19103F-16F7-4668-BE54-9A1E7A4F7556}") = "Day14", "Day14\Day14.csproj", "{CAC79847-900B-49D5-A9E5-15E8C98CE1B8}"
EndProject
Project("{9A19103F-16F7-4668-BE54-9A1E7A4F7556}") = "Day15", "Day15\Day15.csproj", "{F1CCD7EA-D30E-48B7-A29F-E4339A37C6F8}"
EndProject
Project("{9A19103F-16F7-4668-BE54-9A1E7A4F7556}") = "Day16", "Day16\Day16.csproj", "{AA194CDD-5FBC-49DE-9671-05AA53066986}"
EndProject
Project("{9A19103F-16F7-4668-BE54-9A1E7A4F7556}") = "Day17", "Day17\Day17.csproj", "{6D7D9BD9-753B-4D42-9DFF-4D70B4644AA7}"
EndProject
Project("{9A19103F-16F7-4668-BE54-9A1E7A4F7556}") = "Day18", "Day18\Day18.csproj", "{3DB4ACE7-73BF-4FDD-8EE4-3CA1E8F3DDFA}"
EndProject
Project("{9A19103F-16F7-4668-BE54-9A1E7A4F7556}") = "Day19", "Day19\Day19.csproj", "{F537F4AF-4F72-4FAF-9C5C-A5A2ABAEA56E}"
EndProject
Project("{FAE04EC0-301F-11D3-BF4B-00C04F79EFBC}") = "Day20", "Day20\Day20.csproj", "{A496CB14-81CA-487B-85AE-1E5EFB7D687F}"
EndProject
Global
	GlobalSection(SolutionConfigurationPlatforms) = preSolution
		Debug|Any CPU = Debug|Any CPU
		Release|Any CPU = Release|Any CPU
	EndGlobalSection
	GlobalSection(ProjectConfigurationPlatforms) = postSolution
		{1953420A-5978-4A2F-B8BE-5AACEBAA1A5A}.Debug|Any CPU.ActiveCfg = Debug|Any CPU
		{1953420A-5978-4A2F-B8BE-5AACEBAA1A5A}.Debug|Any CPU.Build.0 = Debug|Any CPU
		{1953420A-5978-4A2F-B8BE-5AACEBAA1A5A}.Release|Any CPU.ActiveCfg = Release|Any CPU
		{1953420A-5978-4A2F-B8BE-5AACEBAA1A5A}.Release|Any CPU.Build.0 = Release|Any CPU
		{DDC5D363-92D0-492A-B6A3-160DE692E56F}.Debug|Any CPU.ActiveCfg = Debug|Any CPU
		{DDC5D363-92D0-492A-B6A3-160DE692E56F}.Debug|Any CPU.Build.0 = Debug|Any CPU
		{DDC5D363-92D0-492A-B6A3-160DE692E56F}.Release|Any CPU.ActiveCfg = Release|Any CPU
		{DDC5D363-92D0-492A-B6A3-160DE692E56F}.Release|Any CPU.Build.0 = Release|Any CPU
		{E5F36490-1F9E-40C6-B9BA-4B61574AB8BE}.Debug|Any CPU.ActiveCfg = Debug|Any CPU
		{E5F36490-1F9E-40C6-B9BA-4B61574AB8BE}.Debug|Any CPU.Build.0 = Debug|Any CPU
		{E5F36490-1F9E-40C6-B9BA-4B61574AB8BE}.Release|Any CPU.ActiveCfg = Release|Any CPU
		{E5F36490-1F9E-40C6-B9BA-4B61574AB8BE}.Release|Any CPU.Build.0 = Release|Any CPU
		{FD86A0F9-723A-425A-A2A3-EEAC839ED826}.Debug|Any CPU.ActiveCfg = Debug|Any CPU
		{FD86A0F9-723A-425A-A2A3-EEAC839ED826}.Debug|Any CPU.Build.0 = Debug|Any CPU
		{FD86A0F9-723A-425A-A2A3-EEAC839ED826}.Release|Any CPU.ActiveCfg = Release|Any CPU
		{FD86A0F9-723A-425A-A2A3-EEAC839ED826}.Release|Any CPU.Build.0 = Release|Any CPU
		{8444CFB1-7946-4289-A4DF-E9D98EA7506C}.Debug|Any CPU.ActiveCfg = Debug|Any CPU
		{8444CFB1-7946-4289-A4DF-E9D98EA7506C}.Debug|Any CPU.Build.0 = Debug|Any CPU
		{8444CFB1-7946-4289-A4DF-E9D98EA7506C}.Release|Any CPU.ActiveCfg = Release|Any CPU
		{8444CFB1-7946-4289-A4DF-E9D98EA7506C}.Release|Any CPU.Build.0 = Release|Any CPU
		{A67873A4-185A-4325-9FA6-2414593793FF}.Debug|Any CPU.ActiveCfg = Debug|Any CPU
		{A67873A4-185A-4325-9FA6-2414593793FF}.Debug|Any CPU.Build.0 = Debug|Any CPU
		{A67873A4-185A-4325-9FA6-2414593793FF}.Release|Any CPU.ActiveCfg = Release|Any CPU
		{A67873A4-185A-4325-9FA6-2414593793FF}.Release|Any CPU.Build.0 = Release|Any CPU
		{D51FF908-2CCD-4A8F-A740-5C7C01849C46}.Debug|Any CPU.ActiveCfg = Debug|Any CPU
		{D51FF908-2CCD-4A8F-A740-5C7C01849C46}.Debug|Any CPU.Build.0 = Debug|Any CPU
		{D51FF908-2CCD-4A8F-A740-5C7C01849C46}.Release|Any CPU.ActiveCfg = Release|Any CPU
		{D51FF908-2CCD-4A8F-A740-5C7C01849C46}.Release|Any CPU.Build.0 = Release|Any CPU
		{60943D36-AF67-4564-9A10-4D30E2A6B6A0}.Debug|Any CPU.ActiveCfg = Debug|Any CPU
		{60943D36-AF67-4564-9A10-4D30E2A6B6A0}.Debug|Any CPU.Build.0 = Debug|Any CPU
		{60943D36-AF67-4564-9A10-4D30E2A6B6A0}.Release|Any CPU.ActiveCfg = Release|Any CPU
		{60943D36-AF67-4564-9A10-4D30E2A6B6A0}.Release|Any CPU.Build.0 = Release|Any CPU
		{C5E06800-0E3F-456F-AB9B-8AD28250B5CB}.Debug|Any CPU.ActiveCfg = Debug|Any CPU
		{C5E06800-0E3F-456F-AB9B-8AD28250B5CB}.Debug|Any CPU.Build.0 = Debug|Any CPU
		{C5E06800-0E3F-456F-AB9B-8AD28250B5CB}.Release|Any CPU.ActiveCfg = Release|Any CPU
		{C5E06800-0E3F-456F-AB9B-8AD28250B5CB}.Release|Any CPU.Build.0 = Release|Any CPU
		{71DB9AC1-B20F-49B6-86CE-2A7594B1AEBC}.Debug|Any CPU.ActiveCfg = Debug|Any CPU
		{71DB9AC1-B20F-49B6-86CE-2A7594B1AEBC}.Debug|Any CPU.Build.0 = Debug|Any CPU
		{71DB9AC1-B20F-49B6-86CE-2A7594B1AEBC}.Release|Any CPU.ActiveCfg = Release|Any CPU
		{71DB9AC1-B20F-49B6-86CE-2A7594B1AEBC}.Release|Any CPU.Build.0 = Release|Any CPU
		{4628D948-CDBF-4025-8C04-704C42F34555}.Debug|Any CPU.ActiveCfg = Debug|Any CPU
		{4628D948-CDBF-4025-8C04-704C42F34555}.Debug|Any CPU.Build.0 = Debug|Any CPU
		{4628D948-CDBF-4025-8C04-704C42F34555}.Release|Any CPU.ActiveCfg = Release|Any CPU
		{4628D948-CDBF-4025-8C04-704C42F34555}.Release|Any CPU.Build.0 = Release|Any CPU
		{F8F4885E-C907-42CD-B567-5D559757E9B9}.Debug|Any CPU.ActiveCfg = Debug|Any CPU
		{F8F4885E-C907-42CD-B567-5D559757E9B9}.Debug|Any CPU.Build.0 = Debug|Any CPU
		{F8F4885E-C907-42CD-B567-5D559757E9B9}.Release|Any CPU.ActiveCfg = Release|Any CPU
		{F8F4885E-C907-42CD-B567-5D559757E9B9}.Release|Any CPU.Build.0 = Release|Any CPU
		{6CDCC756-93A6-4BD1-8F4C-91A8A568448E}.Debug|Any CPU.ActiveCfg = Debug|Any CPU
		{6CDCC756-93A6-4BD1-8F4C-91A8A568448E}.Debug|Any CPU.Build.0 = Debug|Any CPU
		{6CDCC756-93A6-4BD1-8F4C-91A8A568448E}.Release|Any CPU.ActiveCfg = Release|Any CPU
		{6CDCC756-93A6-4BD1-8F4C-91A8A568448E}.Release|Any CPU.Build.0 = Release|Any CPU
		{CAC79847-900B-49D5-A9E5-15E8C98CE1B8}.Debug|Any CPU.ActiveCfg = Debug|Any CPU
		{CAC79847-900B-49D5-A9E5-15E8C98CE1B8}.Debug|Any CPU.Build.0 = Debug|Any CPU
		{CAC79847-900B-49D5-A9E5-15E8C98CE1B8}.Release|Any CPU.ActiveCfg = Release|Any CPU
		{CAC79847-900B-49D5-A9E5-15E8C98CE1B8}.Release|Any CPU.Build.0 = Release|Any CPU
		{F1CCD7EA-D30E-48B7-A29F-E4339A37C6F8}.Debug|Any CPU.ActiveCfg = Debug|Any CPU
		{F1CCD7EA-D30E-48B7-A29F-E4339A37C6F8}.Debug|Any CPU.Build.0 = Debug|Any CPU
		{F1CCD7EA-D30E-48B7-A29F-E4339A37C6F8}.Release|Any CPU.ActiveCfg = Release|Any CPU
		{F1CCD7EA-D30E-48B7-A29F-E4339A37C6F8}.Release|Any CPU.Build.0 = Release|Any CPU
		{AA194CDD-5FBC-49DE-9671-05AA53066986}.Debug|Any CPU.ActiveCfg = Debug|Any CPU
		{AA194CDD-5FBC-49DE-9671-05AA53066986}.Debug|Any CPU.Build.0 = Debug|Any CPU
		{AA194CDD-5FBC-49DE-9671-05AA53066986}.Release|Any CPU.ActiveCfg = Release|Any CPU
		{AA194CDD-5FBC-49DE-9671-05AA53066986}.Release|Any CPU.Build.0 = Release|Any CPU
		{6D7D9BD9-753B-4D42-9DFF-4D70B4644AA7}.Debug|Any CPU.ActiveCfg = Debug|Any CPU
		{6D7D9BD9-753B-4D42-9DFF-4D70B4644AA7}.Debug|Any CPU.Build.0 = Debug|Any CPU
		{6D7D9BD9-753B-4D42-9DFF-4D70B4644AA7}.Release|Any CPU.ActiveCfg = Release|Any CPU
		{6D7D9BD9-753B-4D42-9DFF-4D70B4644AA7}.Release|Any CPU.Build.0 = Release|Any CPU
		{3DB4ACE7-73BF-4FDD-8EE4-3CA1E8F3DDFA}.Debug|Any CPU.ActiveCfg = Debug|Any CPU
		{3DB4ACE7-73BF-4FDD-8EE4-3CA1E8F3DDFA}.Debug|Any CPU.Build.0 = Debug|Any CPU
		{3DB4ACE7-73BF-4FDD-8EE4-3CA1E8F3DDFA}.Release|Any CPU.ActiveCfg = Release|Any CPU
		{3DB4ACE7-73BF-4FDD-8EE4-3CA1E8F3DDFA}.Release|Any CPU.Build.0 = Release|Any CPU
		{F537F4AF-4F72-4FAF-9C5C-A5A2ABAEA56E}.Debug|Any CPU.ActiveCfg = Debug|Any CPU
		{F537F4AF-4F72-4FAF-9C5C-A5A2ABAEA56E}.Debug|Any CPU.Build.0 = Debug|Any CPU
		{F537F4AF-4F72-4FAF-9C5C-A5A2ABAEA56E}.Release|Any CPU.ActiveCfg = Release|Any CPU
		{F537F4AF-4F72-4FAF-9C5C-A5A2ABAEA56E}.Release|Any CPU.Build.0 = Release|Any CPU
		{A496CB14-81CA-487B-85AE-1E5EFB7D687F}.Debug|Any CPU.ActiveCfg = Debug|Any CPU
		{A496CB14-81CA-487B-85AE-1E5EFB7D687F}.Debug|Any CPU.Build.0 = Debug|Any CPU
		{A496CB14-81CA-487B-85AE-1E5EFB7D687F}.Release|Any CPU.ActiveCfg = Release|Any CPU
		{A496CB14-81CA-487B-85AE-1E5EFB7D687F}.Release|Any CPU.Build.0 = Release|Any CPU
	EndGlobalSection
	GlobalSection(SolutionProperties) = preSolution
		HideSolutionNode = FALSE
	EndGlobalSection
	GlobalSection(ExtensibilityGlobals) = postSolution
		SolutionGuid = {DFCF58D3-1247-4F0F-BABA-B9ED5282DCCD}
	EndGlobalSection
EndGlobal
